
Microsoft Visual Studio Solution File, Format Version 12.00
# Visual Studio 15
VisualStudioVersion = 15.0.27703.2018
MinimumVisualStudioVersion = 10.0.40219.1
Project("{FAE04EC0-301F-11D3-BF4B-00C04F79EFBC}") = "WebsiteWordCount", "WebsiteWordCount\WebsiteWordCount.csproj", "{F68D9F05-63EC-4F7A-9922-439086981BD3}"
EndProject
Global
	GlobalSection(SolutionConfigurationPlatforms) = preSolution
		AlphaTesting|Any CPU = AlphaTesting|Any CPU
		BetaTesting|Any CPU = BetaTesting|Any CPU
		Debug|Any CPU = Debug|Any CPU
		DevTesting|Any CPU = DevTesting|Any CPU
		LocalServer|Any CPU = LocalServer|Any CPU
		Release|Any CPU = Release|Any CPU
	EndGlobalSection
	GlobalSection(ProjectConfigurationPlatforms) = postSolution
		{F68D9F05-63EC-4F7A-9922-439086981BD3}.AlphaTesting|Any CPU.ActiveCfg = Release|Any CPU
		{F68D9F05-63EC-4F7A-9922-439086981BD3}.AlphaTesting|Any CPU.Build.0 = Release|Any CPU
		{F68D9F05-63EC-4F7A-9922-439086981BD3}.BetaTesting|Any CPU.ActiveCfg = Release|Any CPU
		{F68D9F05-63EC-4F7A-9922-439086981BD3}.BetaTesting|Any CPU.Build.0 = Release|Any CPU
		{F68D9F05-63EC-4F7A-9922-439086981BD3}.Debug|Any CPU.ActiveCfg = Debug|Any CPU
		{F68D9F05-63EC-4F7A-9922-439086981BD3}.Debug|Any CPU.Build.0 = Debug|Any CPU
		{F68D9F05-63EC-4F7A-9922-439086981BD3}.DevTesting|Any CPU.ActiveCfg = Debug|Any CPU
		{F68D9F05-63EC-4F7A-9922-439086981BD3}.DevTesting|Any CPU.Build.0 = Debug|Any CPU
		{F68D9F05-63EC-4F7A-9922-439086981BD3}.LocalServer|Any CPU.ActiveCfg = Release|Any CPU
		{F68D9F05-63EC-4F7A-9922-439086981BD3}.LocalServer|Any CPU.Build.0 = Release|Any CPU
		{F68D9F05-63EC-4F7A-9922-439086981BD3}.Release|Any CPU.ActiveCfg = Release|Any CPU
		{F68D9F05-63EC-4F7A-9922-439086981BD3}.Release|Any CPU.Build.0 = Release|Any CPU
	EndGlobalSection
	GlobalSection(SolutionProperties) = preSolution
		HideSolutionNode = FALSE
	EndGlobalSection
	GlobalSection(ExtensibilityGlobals) = postSolution
		SolutionGuid = {E56B7DEF-D1AE-408A-AB8B-5EB1AC989CE5}
	EndGlobalSection
EndGlobal
